
Microsoft Visual Studio Solution File, Format Version 12.00
# Visual Studio Version 16
VisualStudioVersion = 16.0.30804.86
MinimumVisualStudioVersion = 10.0.40219.1
Project("{888888A0-9F3D-457C-B088-3A5042F75D52}") = "dosya1", "dosya1\dosya1.pyproj", "{076C543B-395B-4B00-B082-F7C42300C8A3}"
EndProject
Global
	GlobalSection(SolutionConfigurationPlatforms) = preSolution
		Debug|Any CPU = Debug|Any CPU
		Release|Any CPU = Release|Any CPU
	EndGlobalSection
	GlobalSection(ProjectConfigurationPlatforms) = postSolution
		{076C543B-395B-4B00-B082-F7C42300C8A3}.Debug|Any CPU.ActiveCfg = Debug|Any CPU
		{076C543B-395B-4B00-B082-F7C42300C8A3}.Release|Any CPU.ActiveCfg = Release|Any CPU
	EndGlobalSection
	GlobalSection(SolutionProperties) = preSolution
		HideSolutionNode = FALSE
	EndGlobalSection
	GlobalSection(ExtensibilityGlobals) = postSolution
		SolutionGuid = {F1520FB5-7793-4562-AA54-BFEE70245267}
	EndGlobalSection
EndGlobal
